# This file was autogenerated by Stack.
# You should not edit this file by hand.
# For more information, please see the documentation at:
#   https://docs.haskellstack.org/en/stable/lock_files

packages:
- completed:
    hackage: epub-metadata-4.5@sha256:5ab74cf7a65672eb3294a0e588ea1511d3709ed418bfaee2667a6bcf37edc27a,4862
    pantry-tree:
      size: 3524
      sha256: 0ed9a133993e0617f5abbd69b56e399ff4def1ecaaa7d22195a1f1501ef09fa2
  original:
    hackage: epub-metadata-4.5
- completed:
    hackage: ratio-int-0.1.2@sha256:304c6558e75eff2c7799558651091811d1d92e611594af8ac51edd10dd6c5cd8,858
    pantry-tree:
      size: 162
      sha256: b50b70c5e9063c681b781a9d5f866201ead8408a6a1b995b19b3fbec8f9fc028
  original:
    hackage: ratio-int-0.1.2
- completed:
    hackage: cgi-3001.5.0.0@sha256:3d1193a328d5f627a021a0ef3927c1ae41dd341e32dba612fed52d0e3a6df056,2990
    pantry-tree:
      size: 993
      sha256: c6f1c2f201b196b43cd8d0537482796c9fd389b40c4be945ee66348d31f130bf
  original:
    hackage: cgi-3001.5.0.0
snapshots:
- completed:
    size: 567677
    url: https://raw.githubusercontent.com/commercialhaskell/stackage-snapshots/master/lts/17/14.yaml
    sha256: 3740f22286bf5e6e3d82f88125e1c708b6e27847211f956b530aa5d83cf39383
  original: lts-17.14
